schema: '2.0'
stages:
  preprocess:
    cmd: python preprocess.py
    deps:
    - path: data/loans.csv
      hash: md5
      md5: 435929bed300190c9ea5e408e7cbca30
      size: 2483
    - path: preprocess.py
      hash: md5
      md5: 07641574974e676801e1b1df9f668973
      size: 5473
    params:
      params.yaml:
        preprocess.min_emprunts_livre: 1
        preprocess.min_emprunts_utilisateur: 1
        preprocess.score_min: 0.5
    outs:
    - path: data/loans_clean.csv
      hash: md5
      md5: 7aed7571df81acc48f245462f8f32fab
      size: 3270
    - path: data/preprocess_stats.json
      hash: md5
      md5: 63b043c91f13adbb59117588b562ef77
      size: 195
  train:
    cmd: python train.py
    deps:
    - path: data/loans_clean.csv
      hash: md5
      md5: 7aed7571df81acc48f245462f8f32fab
      size: 3270
    - path: train.py
      hash: md5
      md5: 6f9b2dfb7c733b67229251f7a06d978b
      size: 6148
    params:
      params.yaml:
        train.algorithme: svd
        train.n_components: 2
        train.n_neighbors: 5
    outs:
    - path: model/model.pkl
      hash: md5
      md5: 5b1c973d16458191bd6de1e687213f9a
      size: 2387
    - path: model/training_info.json
      hash: md5
      md5: 1d3dee5db66ad82b4aefe1b2242385ab
      size: 121
  evaluate:
    cmd: python evaluate.py
    deps:
    - path: data/loans_clean.csv
      hash: md5
      md5: 7aed7571df81acc48f245462f8f32fab
      size: 3270
    - path: evaluate.py
      hash: md5
      md5: 1b3b505a1ef67c728320618ac1e21696
      size: 6978
    - path: model/model.pkl
      hash: md5
      md5: 5b1c973d16458191bd6de1e687213f9a
      size: 2387
    params:
      params.yaml:
        evaluate.k: 5
        evaluate.test_size: 0.2
    outs:
    - path: metrics.json
      hash: md5
      md5: a8767b74dfe499f8b23da3d31d54ad2a
      size: 292
